
Microsoft Visual Studio Solution File, Format Version 12.00
# Visual Studio 15
VisualStudioVersion = 15.0.28307.1300
MinimumVisualStudioVersion = 10.0.40219.1
Project("{FAE04EC0-301F-11D3-BF4B-00C04F79EFBC}") = "DungeonCrawler", "DungeonCrawler\DungeonCrawler.csproj", "{9216ACD3-286E-4D30-A9D7-8D241A2DBEF2}"
EndProject
Project("{FAE04EC0-301F-11D3-BF4B-00C04F79EFBC}") = "DungeonCrawler.Presentation", "DungeonCrawler.Presentation\DungeonCrawler.Presentation.csproj", "{7AD53EC5-09A5-473B-925A-230AB6548002}"
EndProject
Project("{FAE04EC0-301F-11D3-BF4B-00C04F79EFBC}") = "DungeonCrawler.Data", "DungeonCrawler.Data\DungeonCrawler.Data.csproj", "{18452F1B-C76A-48A0-8EAB-C121EF489F30}"
EndProject
Project("{FAE04EC0-301F-11D3-BF4B-00C04F79EFBC}") = "DungeonCrawler.Domain", "DungeonCrawler.Domain\DungeonCrawler.Domain.csproj", "{6F9B56D4-AB70-45CA-A872-8110C2F85C72}"
EndProject
Global
	GlobalSection(SolutionConfigurationPlatforms) = preSolution
		Debug|Any CPU = Debug|Any CPU
		Release|Any CPU = Release|Any CPU
	EndGlobalSection
	GlobalSection(ProjectConfigurationPlatforms) = postSolution
		{9216ACD3-286E-4D30-A9D7-8D241A2DBEF2}.Debug|Any CPU.ActiveCfg = Debug|Any CPU
		{9216ACD3-286E-4D30-A9D7-8D241A2DBEF2}.Debug|Any CPU.Build.0 = Debug|Any CPU
		{9216ACD3-286E-4D30-A9D7-8D241A2DBEF2}.Release|Any CPU.ActiveCfg = Release|Any CPU
		{9216ACD3-286E-4D30-A9D7-8D241A2DBEF2}.Release|Any CPU.Build.0 = Release|Any CPU
		{7AD53EC5-09A5-473B-925A-230AB6548002}.Debug|Any CPU.ActiveCfg = Debug|Any CPU
		{7AD53EC5-09A5-473B-925A-230AB6548002}.Debug|Any CPU.Build.0 = Debug|Any CPU
		{7AD53EC5-09A5-473B-925A-230AB6548002}.Release|Any CPU.ActiveCfg = Release|Any CPU
		{7AD53EC5-09A5-473B-925A-230AB6548002}.Release|Any CPU.Build.0 = Release|Any CPU
		{18452F1B-C76A-48A0-8EAB-C121EF489F30}.Debug|Any CPU.ActiveCfg = Debug|Any CPU
		{18452F1B-C76A-48A0-8EAB-C121EF489F30}.Debug|Any CPU.Build.0 = Debug|Any CPU
		{18452F1B-C76A-48A0-8EAB-C121EF489F30}.Release|Any CPU.ActiveCfg = Release|Any CPU
		{18452F1B-C76A-48A0-8EAB-C121EF489F30}.Release|Any CPU.Build.0 = Release|Any CPU
		{6F9B56D4-AB70-45CA-A872-8110C2F85C72}.Debug|Any CPU.ActiveCfg = Debug|Any CPU
		{6F9B56D4-AB70-45CA-A872-8110C2F85C72}.Debug|Any CPU.Build.0 = Debug|Any CPU
		{6F9B56D4-AB70-45CA-A872-8110C2F85C72}.Release|Any CPU.ActiveCfg = Release|Any CPU
		{6F9B56D4-AB70-45CA-A872-8110C2F85C72}.Release|Any CPU.Build.0 = Release|Any CPU
	EndGlobalSection
	GlobalSection(SolutionProperties) = preSolution
		HideSolutionNode = FALSE
	EndGlobalSection
	GlobalSection(ExtensibilityGlobals) = postSolution
		SolutionGuid = {24FFD62A-1628-4C41-B119-097402640CD9}
	EndGlobalSection
EndGlobal
